
Microsoft Visual Studio Solution File, Format Version 12.00
# Visual Studio Version 16
VisualStudioVersion = 16.0.30204.135
MinimumVisualStudioVersion = 10.0.40219.1
Project("{FAE04EC0-301F-11D3-BF4B-00C04F79EFBC}") = "QSM_Manager", "QSM_Manager\QSM_Manager.csproj", "{27578764-574E-4355-B7CC-A044EE98FE84}"
EndProject
Global
	GlobalSection(SolutionConfigurationPlatforms) = preSolution
		Debug|Any CPU = Debug|Any CPU
		Release|Any CPU = Release|Any CPU
	EndGlobalSection
	GlobalSection(ProjectConfigurationPlatforms) = postSolution
		{27578764-574E-4355-B7CC-A044EE98FE84}.Debug|Any CPU.ActiveCfg = Debug|Any CPU
		{27578764-574E-4355-B7CC-A044EE98FE84}.Debug|Any CPU.Build.0 = Debug|Any CPU
		{27578764-574E-4355-B7CC-A044EE98FE84}.Release|Any CPU.ActiveCfg = Release|Any CPU
		{27578764-574E-4355-B7CC-A044EE98FE84}.Release|Any CPU.Build.0 = Release|Any CPU
	EndGlobalSection
	GlobalSection(SolutionProperties) = preSolution
		HideSolutionNode = FALSE
	EndGlobalSection
	GlobalSection(ExtensibilityGlobals) = postSolution
		SolutionGuid = {96B60DFB-82FF-4F18-9FBD-4AE7F9157CA8}
	EndGlobalSection
EndGlobal
